
Microsoft Visual Studio Solution File, Format Version 12.00
Project("{FAE04EC0-301F-11D3-BF4B-00C04F79EFBC}") = "FiguresLibrary", "FiguresLibrary\FiguresLibrary.csproj", "{3AECD717-BE83-4B36-9E06-F248ACC56AD1}"
EndProject
Project("{2150E333-8FDC-42A3-9474-1A3956D46DE8}") = "Тестовое задание №1", "Тестовое задание №1", "{4415E7A1-F801-4540-ABD5-F965DB04B6E7}"
EndProject
Project("{2150E333-8FDC-42A3-9474-1A3956D46DE8}") = "Тестовое задание №2", "Тестовое задание №2", "{411EBD62-5295-4830-9394-3A1979E1C55B}"
EndProject
Project("{FAE04EC0-301F-11D3-BF4B-00C04F79EFBC}") = "MS SQL Server Task", "MS SQL Server Task\MS SQL Server Task.csproj", "{98CE8B82-91A4-4DE6-9C27-F714CF4729CF}"
EndProject
Project("{FAE04EC0-301F-11D3-BF4B-00C04F79EFBC}") = "ApiConsumerSimulation", "ApiConsumerSimulation\ApiConsumerSimulation.csproj", "{9310E2D7-6C1A-426C-A272-B097C0460A52}"
EndProject
Global
	GlobalSection(SolutionConfigurationPlatforms) = preSolution
		Debug|Any CPU = Debug|Any CPU
		Release|Any CPU = Release|Any CPU
	EndGlobalSection
	GlobalSection(ProjectConfigurationPlatforms) = postSolution
		{3AECD717-BE83-4B36-9E06-F248ACC56AD1}.Debug|Any CPU.ActiveCfg = Debug|Any CPU
		{3AECD717-BE83-4B36-9E06-F248ACC56AD1}.Debug|Any CPU.Build.0 = Debug|Any CPU
		{3AECD717-BE83-4B36-9E06-F248ACC56AD1}.Release|Any CPU.ActiveCfg = Release|Any CPU
		{3AECD717-BE83-4B36-9E06-F248ACC56AD1}.Release|Any CPU.Build.0 = Release|Any CPU
		{98CE8B82-91A4-4DE6-9C27-F714CF4729CF}.Debug|Any CPU.ActiveCfg = Debug|Any CPU
		{98CE8B82-91A4-4DE6-9C27-F714CF4729CF}.Debug|Any CPU.Build.0 = Debug|Any CPU
		{98CE8B82-91A4-4DE6-9C27-F714CF4729CF}.Release|Any CPU.ActiveCfg = Release|Any CPU
		{98CE8B82-91A4-4DE6-9C27-F714CF4729CF}.Release|Any CPU.Build.0 = Release|Any CPU
		{9310E2D7-6C1A-426C-A272-B097C0460A52}.Debug|Any CPU.ActiveCfg = Debug|Any CPU
		{9310E2D7-6C1A-426C-A272-B097C0460A52}.Debug|Any CPU.Build.0 = Debug|Any CPU
		{9310E2D7-6C1A-426C-A272-B097C0460A52}.Release|Any CPU.ActiveCfg = Release|Any CPU
		{9310E2D7-6C1A-426C-A272-B097C0460A52}.Release|Any CPU.Build.0 = Release|Any CPU
	EndGlobalSection
	GlobalSection(NestedProjects) = preSolution
		{3AECD717-BE83-4B36-9E06-F248ACC56AD1} = {4415E7A1-F801-4540-ABD5-F965DB04B6E7}
		{98CE8B82-91A4-4DE6-9C27-F714CF4729CF} = {411EBD62-5295-4830-9394-3A1979E1C55B}
		{9310E2D7-6C1A-426C-A272-B097C0460A52} = {4415E7A1-F801-4540-ABD5-F965DB04B6E7}
	EndGlobalSection
EndGlobal
